
Microsoft Visual Studio Solution File, Format Version 12.00
# Visual Studio Version 16
VisualStudioVersion = 16.0.30011.22
MinimumVisualStudioVersion = 10.0.40219.1
Project("{FAE04EC0-301F-11D3-BF4B-00C04F79EFBC}") = "Serviexpress.Client", "Serviexpress.Client\Serviexpress.Client.csproj", "{DD61BD9C-975A-4316-894A-E17E25037C64}"
EndProject
Project("{FAE04EC0-301F-11D3-BF4B-00C04F79EFBC}") = "Serviexpress.Assembly", "Serviexpress.Assembly\Serviexpress.Assembly.csproj", "{990FBDBD-7E8D-4941-B683-4690905CA6A3}"
EndProject
Global
	GlobalSection(SolutionConfigurationPlatforms) = preSolution
		Debug|Any CPU = Debug|Any CPU
		Release|Any CPU = Release|Any CPU
	EndGlobalSection
	GlobalSection(ProjectConfigurationPlatforms) = postSolution
		{DD61BD9C-975A-4316-894A-E17E25037C64}.Debug|Any CPU.ActiveCfg = Debug|Any CPU
		{DD61BD9C-975A-4316-894A-E17E25037C64}.Debug|Any CPU.Build.0 = Debug|Any CPU
		{DD61BD9C-975A-4316-894A-E17E25037C64}.Release|Any CPU.ActiveCfg = Release|Any CPU
		{DD61BD9C-975A-4316-894A-E17E25037C64}.Release|Any CPU.Build.0 = Release|Any CPU
		{990FBDBD-7E8D-4941-B683-4690905CA6A3}.Debug|Any CPU.ActiveCfg = Debug|Any CPU
		{990FBDBD-7E8D-4941-B683-4690905CA6A3}.Debug|Any CPU.Build.0 = Debug|Any CPU
		{990FBDBD-7E8D-4941-B683-4690905CA6A3}.Release|Any CPU.ActiveCfg = Release|Any CPU
		{990FBDBD-7E8D-4941-B683-4690905CA6A3}.Release|Any CPU.Build.0 = Release|Any CPU
	EndGlobalSection
	GlobalSection(SolutionProperties) = preSolution
		HideSolutionNode = FALSE
	EndGlobalSection
	GlobalSection(ExtensibilityGlobals) = postSolution
		SolutionGuid = {330195E8-291C-4504-A182-F289DFFCB9CC}
	EndGlobalSection
EndGlobal
